
Microsoft Visual Studio Solution File, Format Version 12.00
# Visual Studio 15
Project("{FAE04EC0-301F-11D3-BF4B-00C04F79EFBC}") = "TwoPageSwitch.Android", "TwoPageSwitch.Android\TwoPageSwitch.Android.csproj", "{EEBBD54A-5DA7-49ED-B74B-F0EBBBF33DFF}"
EndProject
Project("{FAE04EC0-301F-11D3-BF4B-00C04F79EFBC}") = "TwoPageSwitch.iOS", "TwoPageSwitch.iOS\TwoPageSwitch.iOS.csproj", "{834FC536-046B-4920-AE65-3AF0A49471D6}"
EndProject
Project("{D954291E-2A0B-460D-934E-DC6B0785DB48}") = "TwoPageSwitch", "TwoPageSwitch\TwoPageSwitch.shproj", "{5C12C28A-3415-46E0-AFF6-22A7EDEC1D10}"
EndProject
Global
	GlobalSection(SolutionConfigurationPlatforms) = preSolution
		Debug|Any CPU = Debug|Any CPU
		Release|Any CPU = Release|Any CPU
		Debug|iPhoneSimulator = Debug|iPhoneSimulator
		Release|iPhoneSimulator = Release|iPhoneSimulator
		Debug|iPhone = Debug|iPhone
		Release|iPhone = Release|iPhone
		Ad-Hoc|iPhone = Ad-Hoc|iPhone
		AppStore|iPhone = AppStore|iPhone
	EndGlobalSection
	GlobalSection(ProjectConfigurationPlatforms) = postSolution
		{EEBBD54A-5DA7-49ED-B74B-F0EBBBF33DFF}.Debug|Any CPU.ActiveCfg = Debug|Any CPU
		{EEBBD54A-5DA7-49ED-B74B-F0EBBBF33DFF}.Debug|Any CPU.Build.0 = Debug|Any CPU
		{EEBBD54A-5DA7-49ED-B74B-F0EBBBF33DFF}.Release|Any CPU.ActiveCfg = Release|Any CPU
		{EEBBD54A-5DA7-49ED-B74B-F0EBBBF33DFF}.Release|Any CPU.Build.0 = Release|Any CPU
		{EEBBD54A-5DA7-49ED-B74B-F0EBBBF33DFF}.Debug|iPhoneSimulator.ActiveCfg = Debug|Any CPU
		{EEBBD54A-5DA7-49ED-B74B-F0EBBBF33DFF}.Debug|iPhoneSimulator.Build.0 = Debug|Any CPU
		{EEBBD54A-5DA7-49ED-B74B-F0EBBBF33DFF}.Release|iPhoneSimulator.ActiveCfg = Release|Any CPU
		{EEBBD54A-5DA7-49ED-B74B-F0EBBBF33DFF}.Release|iPhoneSimulator.Build.0 = Release|Any CPU
		{EEBBD54A-5DA7-49ED-B74B-F0EBBBF33DFF}.Debug|iPhone.ActiveCfg = Debug|Any CPU
		{EEBBD54A-5DA7-49ED-B74B-F0EBBBF33DFF}.Debug|iPhone.Build.0 = Debug|Any CPU
		{EEBBD54A-5DA7-49ED-B74B-F0EBBBF33DFF}.Release|iPhone.ActiveCfg = Release|Any CPU
		{EEBBD54A-5DA7-49ED-B74B-F0EBBBF33DFF}.Release|iPhone.Build.0 = Release|Any CPU
		{EEBBD54A-5DA7-49ED-B74B-F0EBBBF33DFF}.Ad-Hoc|iPhone.ActiveCfg = Debug|Any CPU
		{EEBBD54A-5DA7-49ED-B74B-F0EBBBF33DFF}.Ad-Hoc|iPhone.Build.0 = Debug|Any CPU
		{EEBBD54A-5DA7-49ED-B74B-F0EBBBF33DFF}.AppStore|iPhone.ActiveCfg = Debug|Any CPU
		{EEBBD54A-5DA7-49ED-B74B-F0EBBBF33DFF}.AppStore|iPhone.Build.0 = Debug|Any CPU
		{834FC536-046B-4920-AE65-3AF0A49471D6}.Debug|Any CPU.ActiveCfg = Debug|iPhoneSimulator
		{834FC536-046B-4920-AE65-3AF0A49471D6}.Debug|Any CPU.Build.0 = Debug|iPhoneSimulator
		{834FC536-046B-4920-AE65-3AF0A49471D6}.Release|Any CPU.ActiveCfg = Release|iPhoneSimulator
		{834FC536-046B-4920-AE65-3AF0A49471D6}.Release|Any CPU.Build.0 = Release|iPhoneSimulator
		{834FC536-046B-4920-AE65-3AF0A49471D6}.Debug|iPhoneSimulator.ActiveCfg = Debug|iPhoneSimulator
		{834FC536-046B-4920-AE65-3AF0A49471D6}.Debug|iPhoneSimulator.Build.0 = Debug|iPhoneSimulator
		{834FC536-046B-4920-AE65-3AF0A49471D6}.Release|iPhoneSimulator.ActiveCfg = Release|iPhoneSimulator
		{834FC536-046B-4920-AE65-3AF0A49471D6}.Release|iPhoneSimulator.Build.0 = Release|iPhoneSimulator
		{834FC536-046B-4920-AE65-3AF0A49471D6}.Debug|iPhone.ActiveCfg = Debug|iPhone
		{834FC536-046B-4920-AE65-3AF0A49471D6}.Debug|iPhone.Build.0 = Debug|iPhone
		{834FC536-046B-4920-AE65-3AF0A49471D6}.Release|iPhone.ActiveCfg = Release|iPhone
		{834FC536-046B-4920-AE65-3AF0A49471D6}.Release|iPhone.Build.0 = Release|iPhone
		{834FC536-046B-4920-AE65-3AF0A49471D6}.Ad-Hoc|iPhone.ActiveCfg = Ad-Hoc|iPhone
		{834FC536-046B-4920-AE65-3AF0A49471D6}.Ad-Hoc|iPhone.Build.0 = Ad-Hoc|iPhone
		{834FC536-046B-4920-AE65-3AF0A49471D6}.AppStore|iPhone.ActiveCfg = AppStore|iPhone
		{834FC536-046B-4920-AE65-3AF0A49471D6}.AppStore|iPhone.Build.0 = AppStore|iPhone
	EndGlobalSection
EndGlobal
